
Microsoft Visual Studio Solution File, Format Version 11.00
# Visual Studio 2010
Project("{FAE04EC0-301F-11D3-BF4B-00C04F79EFBC}") = "Assembly-CSharp", "Assembly-CSharp.csproj", "{09438B2A-B743-2CC7-3AEF-0F7AA039E669}"
EndProject
Project("{FAE04EC0-301F-11D3-BF4B-00C04F79EFBC}") = "Assembly-CSharp-Editor", "Assembly-CSharp-Editor.csproj", "{785A7F97-49A2-195C-E4E7-FD3A8AFB0C33}"
EndProject
Global
	GlobalSection(SolutionConfigurationPlatforms) = preSolution
		Debug|Any CPU = Debug|Any CPU
		Release|Any CPU = Release|Any CPU
	EndGlobalSection
	GlobalSection(ProjectConfigurationPlatforms) = postSolution
		{09438B2A-B743-2CC7-3AEF-0F7AA039E669}.Debug|Any CPU.ActiveCfg = Debug|Any CPU
		{09438B2A-B743-2CC7-3AEF-0F7AA039E669}.Debug|Any CPU.Build.0 = Debug|Any CPU
		{09438B2A-B743-2CC7-3AEF-0F7AA039E669}.Release|Any CPU.ActiveCfg = Release|Any CPU
		{09438B2A-B743-2CC7-3AEF-0F7AA039E669}.Release|Any CPU.Build.0 = Release|Any CPU
		{785A7F97-49A2-195C-E4E7-FD3A8AFB0C33}.Debug|Any CPU.ActiveCfg = Debug|Any CPU
		{785A7F97-49A2-195C-E4E7-FD3A8AFB0C33}.Debug|Any CPU.Build.0 = Debug|Any CPU
		{785A7F97-49A2-195C-E4E7-FD3A8AFB0C33}.Release|Any CPU.ActiveCfg = Release|Any CPU
		{785A7F97-49A2-195C-E4E7-FD3A8AFB0C33}.Release|Any CPU.Build.0 = Release|Any CPU
	EndGlobalSection
	GlobalSection(SolutionProperties) = preSolution
		HideSolutionNode = FALSE
	EndGlobalSection
	GlobalSection(MonoDevelopProperties) = preSolution
		StartupItem = Assembly-CSharp.csproj
	EndGlobalSection
EndGlobal
